
Microsoft Visual Studio Solution File, Format Version 12.00
# Visual Studio Version 17
VisualStudioVersion = 17.13.35828.75 d17.13
MinimumVisualStudioVersion = 10.0.40219.1
Project("{FAE04EC0-301F-11D3-BF4B-00C04F79EFBC}") = "DotnetEight.Features", "DotnetEight.Features.csproj", "{A645D11B-9A24-C248-2075-499C0C263C26}"
EndProject
Global
	GlobalSection(SolutionConfigurationPlatforms) = preSolution
		Debug|Any CPU = Debug|Any CPU
		Release|Any CPU = Release|Any CPU
	EndGlobalSection
	GlobalSection(ProjectConfigurationPlatforms) = postSolution
		{A645D11B-9A24-C248-2075-499C0C263C26}.Debug|Any CPU.ActiveCfg = Debug|Any CPU
		{A645D11B-9A24-C248-2075-499C0C263C26}.Debug|Any CPU.Build.0 = Debug|Any CPU
		{A645D11B-9A24-C248-2075-499C0C263C26}.Release|Any CPU.ActiveCfg = Release|Any CPU
		{A645D11B-9A24-C248-2075-499C0C263C26}.Release|Any CPU.Build.0 = Release|Any CPU
	EndGlobalSection
	GlobalSection(SolutionProperties) = preSolution
		HideSolutionNode = FALSE
	EndGlobalSection
	GlobalSection(ExtensibilityGlobals) = postSolution
		SolutionGuid = {200E79EE-3296-4BC8-9207-FF26CC9940C6}
	EndGlobalSection
EndGlobal
